
Microsoft Visual Studio Solution File, Format Version 12.00
# Visual Studio Version 17
VisualStudioVersion = 17.4.33110.190
MinimumVisualStudioVersion = 10.0.40219.1
Project("{FAE04EC0-301F-11D3-BF4B-00C04F79EFBC}") = "HttpLogging", "HttpLogging\HttpLogging.csproj", "{289C03C6-CE14-44F9-BB41-898EEE0D9E1E}"
EndProject
Global
	GlobalSection(SolutionConfigurationPlatforms) = preSolution
		Debug|Any CPU = Debug|Any CPU
		Release|Any CPU = Release|Any CPU
	EndGlobalSection
	GlobalSection(ProjectConfigurationPlatforms) = postSolution
		{289C03C6-CE14-44F9-BB41-898EEE0D9E1E}.Debug|Any CPU.ActiveCfg = Debug|Any CPU
		{289C03C6-CE14-44F9-BB41-898EEE0D9E1E}.Debug|Any CPU.Build.0 = Debug|Any CPU
		{289C03C6-CE14-44F9-BB41-898EEE0D9E1E}.Release|Any CPU.ActiveCfg = Release|Any CPU
		{289C03C6-CE14-44F9-BB41-898EEE0D9E1E}.Release|Any CPU.Build.0 = Release|Any CPU
	EndGlobalSection
	GlobalSection(SolutionProperties) = preSolution
		HideSolutionNode = FALSE
	EndGlobalSection
	GlobalSection(ExtensibilityGlobals) = postSolution
		SolutionGuid = {5C012AB6-D3CF-4480-AD72-47EAE28B2834}
	EndGlobalSection
EndGlobal
